// !$*UTF8*$!
{
	archiveVersion = 1;
	classes = {
	};
	objectVersion = 46;
	objects = {

/* Begin PBXBuildFile section */
		6944EEDB1DFB5AC80060C534 /* AppDelegate.swift in Sources */ = {isa = PBXBuildFile; fileRef = 6944EEDA1DFB5AC80060C534 /* AppDelegate.swift */; };
		6944EEDD1DFB5AC80060C534 /* ViewController.swift in Sources */ = {isa = PBXBuildFile; fileRef = 6944EEDC1DFB5AC80060C534 /* ViewController.swift */; };
		6944EEE01DFB5AC80060C534 /* Main.storyboard in Resources */ = {isa = PBXBuildFile; fileRef = 6944EEDE1DFB5AC80060C534 /* Main.storyboard */; };
		6944EEE21DFB5AC80060C534 /* Assets.xcassets in Resources */ = {isa = PBXBuildFile; fileRef = 6944EEE11DFB5AC80060C534 /* Assets.xcassets */; };
		6944EEE51DFB5AC80060C534 /* LaunchScreen.storyboard in Resources */ = {isa = PBXBuildFile; fileRef = 6944EEE31DFB5AC80060C534 /* LaunchScreen.storyboard */; };
/* End PBXBuildFile section */

/* Begin PBXFileReference section */
		6944EED71DFB5AC80060C534 /* MagentoAppIOS.app */ = {isa = PBXFileReference; explicitFileType = wrapper.application; includeInIndex = 0; path = MagentoAppIOS.app; sourceTree = BUILT_PRODUCTS_DIR; };
		6944EEDA1DFB5AC80060C534 /* AppDelegate.swift */ = {isa = PBXFileReference; lastKnownFileType = sourcecode.swift; path = AppDelegate.swift; sourceTree = "<group>"; };
		6944EEDC1DFB5AC80060C534 /* ViewController.swift */ = {isa = PBXFileReference; lastKnownFileType = sourcecode.swift; path = ViewController.swift; sourceTree = "<group>"; };
		6944EEDF1DFB5AC80060C534 /* Base */ = {isa = PBXFileReference; lastKnownFileType = file.storyboard; name = Base; path = Base.lproj/Main.storyboard; sourceTree = "<group>"; };
		6944EEE11DFB5AC80060C534 /* Assets.xcassets */ = {isa = PBXFileReference; lastKnownFileType = folder.assetcatalog; path = Assets.xcassets; sourceTree = "<group>"; };
		6944EEE41DFB5AC80060C534 /* Base */ = {isa = PBXFileReference; lastKnownFileType = file.storyboard; name = Base; path = Base.lproj/LaunchScreen.storyboard; sourceTree = "<group>"; };
		6944EEE61DFB5AC80060C534 /* Info.plist */ = {isa = PBXFileReference; lastKnownFileType = text.plist.xml; path = Info.plist; sourceTree = "<group>"; };
/* End PBXFileReference section */

/* Begin PBXFrameworksBuildPhase section */
		6944EED41DFB5AC80060C534 /* Frameworks */ = {
			isa = PBXFrameworksBuildPhase;
			buildActionMask = 2147483647;
			files = (
			);
			runOnlyForDeploymentPostprocessing = 0;
		};
/* End PBXFrameworksBuildPhase section */

/* Begin PBXGroup section */
		6944EECE1DFB5AC80060C534 = {
			isa = PBXGroup;
			children = (
				6944EED91DFB5AC80060C534 /* MagentoAppIOS */,
				6944EED81DFB5AC80060C534 /* Products */,
			);
			sourceTree = "<group>";
		};
		6944EED81DFB5AC80060C534 /* Products */ = {
			isa = PBXGroup;
			children = (
				6944EED71DFB5AC80060C534 /* MagentoAppIOS.app */,
			);
			name = Products;
			sourceTree = "<group>";
		};
		6944EED91DFB5AC80060C534 /* MagentoAppIOS */ = {
			isa = PBXGroup;
			children = (
				6944EEDA1DFB5AC80060C534 /* AppDelegate.swift */,
				6944EEDC1DFB5AC80060C534 /* ViewController.swift */,
				6944EEDE1DFB5AC80060C534 /* Main.storyboard */,
				6944EEE11DFB5AC80060C534 /* Assets.xcassets */,
				6944EEE31DFB5AC80060C534 /* LaunchScreen.storyboard */,
				6944EEE61DFB5AC80060C534 /* Info.plist */,
			);
			path = MagentoAppIOS;
			sourceTree = "<group>";
		};
/* End PBXGroup section */

/* Begin PBXNativeTarget section */
		6944EED61DFB5AC80060C534 /* MagentoAppIOS */ = {
			isa = PBXNativeTarget;
			buildConfigurationList = 6944EEE91DFB5AC80060C534 /* Build configuration list for PBXNativeTarget "MagentoAppIOS" */;
			buildPhases = (
				6944EED31DFB5AC80060C534 /* Sources */,
				6944EED41DFB5AC80060C534 /* Frameworks */,
				6944EED51DFB5AC80060C534 /* Resources */,
			);
			buildRules = (
			);
			dependencies = (
			);
			name = MagentoAppIOS;
			productName = MagentoAppIOS;
			productReference = 6944EED71DFB5AC80060C534 /* MagentoAppIOS.app */;
			productType = "com.apple.product-type.application";
		};
/* End PBXNativeTarget section */

/* Begin PBXProject section */
		6944EECF1DFB5AC80060C534 /* Project object */ = {
			isa = PBXProject;
			attributes = {
				LastSwiftUpdateCheck = 0800;
				LastUpgradeCheck = 0800;
				ORGANIZATIONNAME = SakalAndrej;
				TargetAttributes = {
					6944EED61DFB5AC80060C534 = {
						CreatedOnToolsVersion = 8.0;
						ProvisioningStyle = Automatic;
					};
				};
			};
			buildConfigurationList = 6944EED21DFB5AC80060C534 /* Build configuration list for PBXProject "MagentoAppIOS" */;
			compatibilityVersion = "Xcode 3.2";
			developmentRegion = English;
			hasScannedForEncodings = 0;
			knownRegions = (
				en,
				Base,
			);
			mainGroup = 6944EECE1DFB5AC80060C534;
			productRefGroup = 6944EED81DFB5AC80060C534 /* Products */;
			projectDirPath = "";
			projectRoot = "";
			targets = (
				6944EED61DFB5AC80060C534 /* MagentoAppIOS */,
			);
		};
/* End PBXProject section */

/* Begin PBXResourcesBuildPhase section */
		6944EED51DFB5AC80060C534 /* Resources */ = {
			isa = PBXResourcesBuildPhase;
			buildActionMask = 2147483647;
			files = (
				6944EEE51DFB5AC80060C534 /* LaunchScreen.storyboard in Resources */,
				6944EEE21DFB5AC80060C534 /* Assets.xcassets in Resources */,
				6944EEE01DFB5AC80060C534 /* Main.storyboard in Resources */,
			);
			runOnlyForDeploymentPostprocessing = 0;
		};
/* End PBXResourcesBuildPhase section */

/* Begin PBXSourcesBuildPhase section */
		6944EED31DFB5AC80060C534 /* Sources */ = {
			isa = PBXSourcesBuildPhase;
			buildActionMask = 2147483647;
			files = (
				6944EEDD1DFB5AC80060C534 /* ViewController.swift in Sources */,
				6944EEDB1DFB5AC80060C534 /* AppDelegate.swift in Sources */,
			);
			runOnlyForDeploymentPostprocessing = 0;
		};
/* End PBXSourcesBuildPhase section */

/* Begin PBXVariantGroup section */
		6944EEDE1DFB5AC80060C534 /* Main.storyboard */ = {
			isa = PBXVariantGroup;
			children = (
				6944EEDF1DFB5AC80060C534 /* Base */,
			);
			name = Main.storyboard;
			sourceTree = "<group>";
		};
		6944EEE31DFB5AC80060C534 /* LaunchScreen.storyboard */ = {
			isa = PBXVariantGroup;
			children = (
				6944EEE41DFB5AC80060C534 /* Base */,
			);
			name = LaunchScreen.storyboard;
			sourceTree = "<group>";
		};
/* End PBXVariantGroup section */

/* Begin XCBuildConfiguration section */
		6944EEE71DFB5AC80060C534 /* Debug */ = {
			isa = XCBuildConfiguration;
			buildSettings = {
				ALWAYS_SEARCH_USER_PATHS = NO;
				CLANG_ANALYZER_NONNULL = YES;
				CLANG_CXX_LANGUAGE_STANDARD = "gnu++0x";
				CLANG_CXX_LIBRARY = "libc++";
				CLANG_ENABLE_MODULES = YES;
				CLANG_ENABLE_OBJC_ARC = YES;
				CLANG_WARN_BOOL_CONVERSION = YES;
				CLANG_WARN_CONSTANT_CONVERSION = YES;
				CLANG_WARN_DIRECT_OBJC_ISA_USAGE = YES_ERROR;
				CLANG_WARN_DOCUMENTATION_COMMENTS = YES;
				CLANG_WARN_EMPTY_BODY = YES;
				CLANG_WARN_ENUM_CONVERSION = YES;
				CLANG_WARN_INFINITE_RECURSION = YES;
				CLANG_WARN_INT_CONVERSION = YES;
				CLANG_WARN_OBJC_ROOT_CLASS = YES_ERROR;
				CLANG_WARN_SUSPICIOUS_MOVES = YES;
				CLANG_WARN_UNREACHABLE_CODE = YES;
				CLANG_WARN__DUPLICATE_METHOD_MATCH = YES;
				"CODE_SIGN_IDENTITY[sdk=iphoneos*]" = "iPhone Developer";
				COPY_PHASE_STRIP = NO;
				DEBUG_INFORMATION_FORMAT = dwarf;
				ENABLE_STRICT_OBJC_MSGSEND = YES;
				ENABLE_TESTABILITY = YES;
				GCC_C_LANGUAGE_STANDARD = gnu99;
				GCC_DYNAMIC_NO_PIC = NO;
				GCC_NO_COMMON_BLOCKS = YES;
				GCC_OPTIMIZATION_LEVEL = 0;
				GCC_PREPROCESSOR_DEFINITIONS = (
					"DEBUG=1",
					"$(inherited)",
				);
				GCC_WARN_64_TO_32_BIT_CONVERSION = YES;
				GCC_WARN_ABOUT_RETURN_TYPE = YES_ERROR;
				GCC_WARN_UNDECLARED_SELECTOR = YES;
				GCC_WARN_UNINITIALIZED_AUTOS = YES_AGGRESSIVE;
				GCC_WARN_UNUSED_FUNCTION = YES;
				GCC_WARN_UNUSED_VARIABLE = YES;
				IPHONEOS_DEPLOYMENT_TARGET = 10.0;
				MTL_ENABLE_DEBUG_INFO = YES;
				ONLY_ACTIVE_ARCH = YES;
				SDKROOT = iphoneos;
				SWIFT_ACTIVE_COMPILATION_CONDITIONS = DEBUG;
				SWIFT_OPTIMIZATION_LEVEL = "-Onone";
			};
			name = Debug;
		};
		6944EEE81DFB5AC80060C534 /* Release */ = {
			isa = XCBuildConfiguration;
			buildSettings = {
				ALWAYS_SEARCH_USER_PATHS = NO;
				CLANG_ANALYZER_NONNULL = YES;
				CLANG_CXX_LANGUAGE_STANDARD = "gnu++0x";
				CLANG_CXX_LIBRARY = "libc++";
				CLANG_ENABLE_MODULES = YES;
				CLANG_ENABLE_OBJC_ARC = YES;
				CLANG_WARN_BOOL_CONVERSION = YES;
				CLANG_WARN_CONSTANT_CONVERSION = YES;
				CLANG_WARN_DIRECT_OBJC_ISA_USAGE = YES_ERROR;
				CLANG_WARN_DOCUMENTATION_COMMENTS = YES;
				CLANG_WARN_EMPTY_BODY = YES;
				CLANG_WARN_ENUM_CONVERSION = YES;
				CLANG_WARN_INFINITE_RECURSION = YES;
				CLANG_WARN_INT_CONVERSION = YES;
				CLANG_WARN_OBJC_ROOT_CLASS = YES_ERROR;
				CLANG_WARN_SUSPICIOUS_MOVES = YES;
				CLANG_WARN_UNREACHABLE_CODE = YES;
				CLANG_WARN__DUPLICATE_METHOD_MATCH = YES;
				"CODE_SIGN_IDENTITY[sdk=iphoneos*]" = "iPhone Developer";
				COPY_PHASE_STRIP = NO;
				DEBUG_INFORMATION_FORMAT = "dwarf-with-dsym";
				ENABLE_NS_ASSERTIONS = NO;
				ENABLE_STRICT_OBJC_MSGSEND = YES;
				GCC_C_LANGUAGE_STANDARD = gnu99;
				GCC_NO_COMMON_BLOCKS = YES;
				GCC_WARN_64_TO_32_BIT_CONVERSION = YES;
				GCC_WARN_ABOUT_RETURN_TYPE = YES_ERROR;
				GCC_WARN_UNDECLARED_SELECTOR = YES;
				GCC_WARN_UNINITIALIZED_AUTOS = YES_AGGRESSIVE;
				GCC_WARN_UNUSED_FUNCTION = YES;
				GCC_WARN_UNUSED_VARIABLE = YES;
				IPHONEOS_DEPLOYMENT_TARGET = 10.0;
				MTL_ENABLE_DEBUG_INFO = NO;
				SDKROOT = iphoneos;
				SWIFT_OPTIMIZATION_LEVEL = "-Owholemodule";
				VALIDATE_PRODUCT = YES;
			};
			name = Release;
		};
		6944EEEA1DFB5AC80060C534 /* Debug */ = {
			isa = XCBuildConfiguration;
			buildSettings = {
				ASSETCATALOG_COMPILER_APPICON_NAME = AppIcon;
				INFOPLIST_FILE = MagentoAppIOS/Info.plist;
				LD_RUNPATH_SEARCH_PATHS = "$(inherited) @executable_path/Frameworks";
				PRODUCT_BUNDLE_IDENTIFIER = com.SakalAndrej.MagentoAppIOS;
				PRODUCT_NAME = "$(TARGET_NAME)";
				SWIFT_VERSION = 3.0;
			};
			name = Debug;
		};
		6944EEEB1DFB5AC80060C534 /* Release */ = {
			isa = XCBuildConfiguration;
			buildSettings = {
				ASSETCATALOG_COMPILER_APPICON_NAME = AppIcon;
				INFOPLIST_FILE = MagentoAppIOS/Info.plist;
				LD_RUNPATH_SEARCH_PATHS = "$(inherited) @executable_path/Frameworks";
				PRODUCT_BUNDLE_IDENTIFIER = com.SakalAndrej.MagentoAppIOS;
				PRODUCT_NAME = "$(TARGET_NAME)";
				SWIFT_VERSION = 3.0;
			};
			name = Release;
		};
/* End XCBuildConfiguration section */

/* Begin XCConfigurationList section */
		6944EED21DFB5AC80060C534 /* Build configuration list for PBXProject "MagentoAppIOS" */ = {
			isa = XCConfigurationList;
			buildConfigurations = (
				6944EEE71DFB5AC80060C534 /* Debug */,
				6944EEE81DFB5AC80060C534 /* Release */,
			);
			defaultConfigurationIsVisible = 0;
			defaultConfigurationName = Release;
		};
		6944EEE91DFB5AC80060C534 /* Build configuration list for PBXNativeTarget "MagentoAppIOS" */ = {
			isa = XCConfigurationList;
			buildConfigurations = (
				6944EEEA1DFB5AC80060C534 /* Debug */,
				6944EEEB1DFB5AC80060C534 /* Release */,
			);
			defaultConfigurationIsVisible = 0;
		};
/* End XCConfigurationList section */
	};
	rootObject = 6944EECF1DFB5AC80060C534 /* Project object */;
}
